
Microsoft Visual Studio Solution File, Format Version 12.00
# Visual Studio Version 17
VisualStudioVersion = 17.14.36414.22 d17.14
MinimumVisualStudioVersion = 10.0.40219.1
Project("{FAE04EC0-301F-11D3-BF4B-00C04F79EFBC}") = "MyFlix.Api", "MyFlix.Api.csproj", "{CA15F549-0DB1-2DC2-8988-EA857696EBD5}"
EndProject
Global
	GlobalSection(SolutionConfigurationPlatforms) = preSolution
		Debug|Any CPU = Debug|Any CPU
		Release|Any CPU = Release|Any CPU
	EndGlobalSection
	GlobalSection(ProjectConfigurationPlatforms) = postSolution
		{CA15F549-0DB1-2DC2-8988-EA857696EBD5}.Debug|Any CPU.ActiveCfg = Debug|Any CPU
		{CA15F549-0DB1-2DC2-8988-EA857696EBD5}.Debug|Any CPU.Build.0 = Debug|Any CPU
		{CA15F549-0DB1-2DC2-8988-EA857696EBD5}.Release|Any CPU.ActiveCfg = Release|Any CPU
		{CA15F549-0DB1-2DC2-8988-EA857696EBD5}.Release|Any CPU.Build.0 = Release|Any CPU
	EndGlobalSection
	GlobalSection(SolutionProperties) = preSolution
		HideSolutionNode = FALSE
	EndGlobalSection
	GlobalSection(ExtensibilityGlobals) = postSolution
		SolutionGuid = {2C9C3EA0-D837-456B-8333-54AA78879430}
	EndGlobalSection
EndGlobal
